
Microsoft Visual Studio Solution File, Format Version 12.00
# Visual Studio Version 16
VisualStudioVersion = 16.0.29613.14
MinimumVisualStudioVersion = 10.0.40219.1
Project("{FAE04EC0-301F-11D3-BF4B-00C04F79EFBC}") = "WFCServiceMatricula", "WFCServiceMatricula\WFCServiceMatricula.csproj", "{CD8361A0-99D3-4DC8-A784-C7A663CF03A2}"
EndProject
Project("{FAE04EC0-301F-11D3-BF4B-00C04F79EFBC}") = "pryMatriculaEscritorio", "pryMatriculaEscritorio\pryMatriculaEscritorio.csproj", "{1286C398-9AED-41C9-BF48-BC7DD52E7C70}"
	ProjectSection(ProjectDependencies) = postProject
		{CD8361A0-99D3-4DC8-A784-C7A663CF03A2} = {CD8361A0-99D3-4DC8-A784-C7A663CF03A2}
	EndProjectSection
EndProject
Project("{FAE04EC0-301F-11D3-BF4B-00C04F79EFBC}") = "ProyWebMatricula", "ProyWebMatricula\ProyWebMatricula.csproj", "{4B75FCA2-9B55-46CE-A873-243DCC330492}"
	ProjectSection(ProjectDependencies) = postProject
		{CD8361A0-99D3-4DC8-A784-C7A663CF03A2} = {CD8361A0-99D3-4DC8-A784-C7A663CF03A2}
	EndProjectSection
EndProject
Global
	GlobalSection(SolutionConfigurationPlatforms) = preSolution
		Debug|Any CPU = Debug|Any CPU
		Release|Any CPU = Release|Any CPU
	EndGlobalSection
	GlobalSection(ProjectConfigurationPlatforms) = postSolution
		{CD8361A0-99D3-4DC8-A784-C7A663CF03A2}.Debug|Any CPU.ActiveCfg = Debug|Any CPU
		{CD8361A0-99D3-4DC8-A784-C7A663CF03A2}.Debug|Any CPU.Build.0 = Debug|Any CPU
		{CD8361A0-99D3-4DC8-A784-C7A663CF03A2}.Release|Any CPU.ActiveCfg = Release|Any CPU
		{CD8361A0-99D3-4DC8-A784-C7A663CF03A2}.Release|Any CPU.Build.0 = Release|Any CPU
		{1286C398-9AED-41C9-BF48-BC7DD52E7C70}.Debug|Any CPU.ActiveCfg = Debug|Any CPU
		{1286C398-9AED-41C9-BF48-BC7DD52E7C70}.Debug|Any CPU.Build.0 = Debug|Any CPU
		{1286C398-9AED-41C9-BF48-BC7DD52E7C70}.Release|Any CPU.ActiveCfg = Release|Any CPU
		{1286C398-9AED-41C9-BF48-BC7DD52E7C70}.Release|Any CPU.Build.0 = Release|Any CPU
		{4B75FCA2-9B55-46CE-A873-243DCC330492}.Debug|Any CPU.ActiveCfg = Debug|Any CPU
		{4B75FCA2-9B55-46CE-A873-243DCC330492}.Debug|Any CPU.Build.0 = Debug|Any CPU
		{4B75FCA2-9B55-46CE-A873-243DCC330492}.Release|Any CPU.ActiveCfg = Release|Any CPU
		{4B75FCA2-9B55-46CE-A873-243DCC330492}.Release|Any CPU.Build.0 = Release|Any CPU
	EndGlobalSection
	GlobalSection(SolutionProperties) = preSolution
		HideSolutionNode = FALSE
	EndGlobalSection
	GlobalSection(ExtensibilityGlobals) = postSolution
		SolutionGuid = {10D14300-3BF5-409F-8DF7-B2A395CF2E1C}
	EndGlobalSection
EndGlobal
